
Microsoft Visual Studio Solution File, Format Version 12.00
# Visual Studio 15
VisualStudioVersion = 15.0.28010.2046
MinimumVisualStudioVersion = 10.0.40219.1
Project("{FAE04EC0-301F-11D3-BF4B-00C04F79EFBC}") = "ChatServer", "ChatServer\ChatServer.csproj", "{B1CD3B3C-AC34-4E08-92BA-9148710AE27E}"
EndProject
Project("{FAE04EC0-301F-11D3-BF4B-00C04F79EFBC}") = "ChatClient", "ChatClient\ChatClient.csproj", "{9E753DE6-03D9-4BC3-8A79-CE04DBA71C98}"
EndProject
Global
	GlobalSection(SolutionConfigurationPlatforms) = preSolution
		Debug|Any CPU = Debug|Any CPU
		Release|Any CPU = Release|Any CPU
	EndGlobalSection
	GlobalSection(ProjectConfigurationPlatforms) = postSolution
		{B1CD3B3C-AC34-4E08-92BA-9148710AE27E}.Debug|Any CPU.ActiveCfg = Debug|Any CPU
		{B1CD3B3C-AC34-4E08-92BA-9148710AE27E}.Debug|Any CPU.Build.0 = Debug|Any CPU
		{B1CD3B3C-AC34-4E08-92BA-9148710AE27E}.Release|Any CPU.ActiveCfg = Release|Any CPU
		{B1CD3B3C-AC34-4E08-92BA-9148710AE27E}.Release|Any CPU.Build.0 = Release|Any CPU
		{9E753DE6-03D9-4BC3-8A79-CE04DBA71C98}.Debug|Any CPU.ActiveCfg = Debug|Any CPU
		{9E753DE6-03D9-4BC3-8A79-CE04DBA71C98}.Debug|Any CPU.Build.0 = Debug|Any CPU
		{9E753DE6-03D9-4BC3-8A79-CE04DBA71C98}.Release|Any CPU.ActiveCfg = Release|Any CPU
		{9E753DE6-03D9-4BC3-8A79-CE04DBA71C98}.Release|Any CPU.Build.0 = Release|Any CPU
	EndGlobalSection
	GlobalSection(SolutionProperties) = preSolution
		HideSolutionNode = FALSE
	EndGlobalSection
	GlobalSection(ExtensibilityGlobals) = postSolution
		SolutionGuid = {D273BFE5-27F1-4C31-A661-78DB0CEE8D50}
	EndGlobalSection
EndGlobal
